
Microsoft Visual Studio Solution File, Format Version 12.00
# Visual Studio Version 17
VisualStudioVersion = 17.11.35312.102
MinimumVisualStudioVersion = 10.0.40219.1
Project("{FAE04EC0-301F-11D3-BF4B-00C04F79EFBC}") = "LearningDotNet", "LearningDotNet\LearningDotNet.csproj", "{276A011B-3A26-4F1B-840A-2CB1505A6733}"
EndProject
Global
	GlobalSection(SolutionConfigurationPlatforms) = preSolution
		Debug|Any CPU = Debug|Any CPU
		Release|Any CPU = Release|Any CPU
	EndGlobalSection
	GlobalSection(ProjectConfigurationPlatforms) = postSolution
		{276A011B-3A26-4F1B-840A-2CB1505A6733}.Debug|Any CPU.ActiveCfg = Debug|Any CPU
		{276A011B-3A26-4F1B-840A-2CB1505A6733}.Debug|Any CPU.Build.0 = Debug|Any CPU
		{276A011B-3A26-4F1B-840A-2CB1505A6733}.Release|Any CPU.ActiveCfg = Release|Any CPU
		{276A011B-3A26-4F1B-840A-2CB1505A6733}.Release|Any CPU.Build.0 = Release|Any CPU
	EndGlobalSection
	GlobalSection(SolutionProperties) = preSolution
		HideSolutionNode = FALSE
	EndGlobalSection
	GlobalSection(ExtensibilityGlobals) = postSolution
		SolutionGuid = {5C570EEB-0310-488F-BF27-B1EBFD013FC6}
	EndGlobalSection
EndGlobal
